<?xml version="1.0" encoding="UTF-8" standalone="yes" ?>
<CodeBlocks_project_file>
	<FileVersion major="1" minor="6" />
	<Project>
		<Option title="FinalProject" />
		<Option pch_mode="2" />
		<Option compiler="gcc" />
		<Build>
			<Target title="Debug">
				<Option output="bin/Debug/FinalProject" prefix_auto="1" extension_auto="1" />
				<Option object_output="obj/Debug/" />
				<Option type="1" />
				<Option compiler="gcc" />
				<Compiler>
					<Add option="-g" />
				</Compiler>
			</Target>
			<Target title="Release">
				<Option output="bin/Release/FinalProject" prefix_auto="1" extension_auto="1" />
				<Option object_output="obj/Release/" />
				<Option type="1" />
				<Option compiler="gcc" />
				<Compiler>
					<Add option="-O2" />
				</Compiler>
				<Linker>
					<Add option="-s" />
				</Linker>
			</Target>
		</Build>
		<Compiler>
			<Add option="-Wall" />
			<Add option="-v" />
			<Add directory="SDL2-2.0.4/i686-w64-mingw32/include" />
			<Add directory="tiny" />
			<Add directory="imgui" />
		</Compiler>
		<Linker>
			<Add option="-lmingw32 -lSDL2main -lSDL2 -lcomdlg32 -lole32 -loleaut32" />
			<Add option="-lglu32 -lopengl32" />
			<Add option="-lm -ldinput8 -ldxguid -ldxerr8 -luser32 -lgdi32 -lwinmm -limm32" />
			<Add option="-lshell32 -lversion -luuid" />
			<Add directory="SDL2-2.0.4/i686-w64-mingw32/lib" />
			<Add directory="tiny" />
			<Add directory="imgui" />
		</Linker>
		<Unit filename="imgui/.travis.yml">
			<Option target="Release" />
		</Unit>
		<Unit filename="imgui/imconfig.h">
			<Option target="Release" />
		</Unit>
		<Unit filename="imgui/imgui.cpp">
			<Option target="Release" />
		</Unit>
		<Unit filename="imgui/imgui.h">
			<Option target="Release" />
		</Unit>
		<Unit filename="imgui/imgui_demo.cpp">
			<Option target="Release" />
		</Unit>
		<Unit filename="imgui/imgui_draw.cpp">
			<Option target="Release" />
		</Unit>
		<Unit filename="imgui/imgui_internal.h">
			<Option target="Release" />
		</Unit>
		<Unit filename="imgui/stb_rect_pack.h">
			<Option target="Release" />
		</Unit>
		<Unit filename="imgui/stb_textedit.h">
			<Option target="Release" />
		</Unit>
		<Unit filename="imgui/stb_truetype.h">
			<Option target="Release" />
		</Unit>
		<Unit filename="imgui_impl_sdl.cpp">
			<Option target="Release" />
		</Unit>
		<Unit filename="imgui_impl_sdl.h">
			<Option target="Release" />
		</Unit>
		<Unit filename="main.cpp" />
		<Unit filename="tiny/tinyfiledialogs.c">
			<Option compilerVar="CC" />
			<Option target="Release" />
		</Unit>
		<Unit filename="tiny/tinyfiledialogs.h">
			<Option target="Release" />
		</Unit>
		<Extensions>
			<code_completion />
			<envvars />
			<debugger />
			<lib_finder disable_auto="1" />
		</Extensions>
	</Project>
</CodeBlocks_project_file>
